
Microsoft Visual Studio Solution File, Format Version 12.00
# Visual Studio Version 16
VisualStudioVersion = 16.0.30413.136
MinimumVisualStudioVersion = 10.0.40219.1
Project("{FAE04EC0-301F-11D3-BF4B-00C04F79EFBC}") = "WpfClient", "WpfClient.csproj", "{2CF38F14-88D3-446B-8AAC-C4392B3F2E2E}"
EndProject
Global
	GlobalSection(SolutionConfigurationPlatforms) = preSolution
		Debug|Any CPU = Debug|Any CPU
		Release|Any CPU = Release|Any CPU
	EndGlobalSection
	GlobalSection(ProjectConfigurationPlatforms) = postSolution
		{2CF38F14-88D3-446B-8AAC-C4392B3F2E2E}.Debug|Any CPU.ActiveCfg = Debug|Any CPU
		{2CF38F14-88D3-446B-8AAC-C4392B3F2E2E}.Debug|Any CPU.Build.0 = Debug|Any CPU
		{2CF38F14-88D3-446B-8AAC-C4392B3F2E2E}.Release|Any CPU.ActiveCfg = Release|Any CPU
		{2CF38F14-88D3-446B-8AAC-C4392B3F2E2E}.Release|Any CPU.Build.0 = Release|Any CPU
	EndGlobalSection
	GlobalSection(SolutionProperties) = preSolution
		HideSolutionNode = FALSE
	EndGlobalSection
	GlobalSection(ExtensibilityGlobals) = postSolution
		SolutionGuid = {E2EE356B-40E6-419A-B0C7-AC1A3FDB3D15}
	EndGlobalSection
EndGlobal
